
Microsoft Visual Studio Solution File, Format Version 12.00
# Visual Studio Version 17
VisualStudioVersion = 17.5.33516.290
MinimumVisualStudioVersion = 10.0.40219.1
Project("{9A19103F-16F7-4668-BE54-9A1E7A4F7556}") = "Cave.Logging", "Cave.Logging\Cave.Logging.csproj", "{BE200FC7-E8DD-4DED-B947-F1B6807334CB}"
EndProject
Project("{2150E333-8FDC-42A3-9474-1A3956D46DE8}") = "Solution Items", "Solution Items", "{05AE0C2A-F430-45EC-966D-E49E76CD5040}"
	ProjectSection(SolutionItems) = preProject
		.editorconfig = .editorconfig
		.gitignore = .gitignore
		azure-pipelines.yml = azure-pipelines.yml
		build.bat = build.bat
		cavesystems.pdn = cavesystems.pdn
		cavesystems.png = cavesystems.png
		CodeMaid.config = CodeMaid.config
		Directory.Build.props = Directory.Build.props
		Directory.Build.targets = Directory.Build.targets
		LICENSE = LICENSE
		README.md = README.md
	EndProjectSection
EndProject
Project("{2150E333-8FDC-42A3-9474-1A3956D46DE8}") = "Tests", "Tests", "{29A6F9DB-847E-4A26-9D8F-CE61229D58EE}"
EndProject
Project("{9A19103F-16F7-4668-BE54-9A1E7A4F7556}") = "Test_NET2x", "Tests\Test_NET2x.csproj", "{D6D00F25-DFB7-461F-B2B9-69C2B7AAAB26}"
EndProject
Project("{9A19103F-16F7-4668-BE54-9A1E7A4F7556}") = "Test_NET4x", "Tests\Test_NET4x.csproj", "{BB54C1AA-89D8-4C4B-BC5C-F7CD44DA324A}"
EndProject
Project("{9A19103F-16F7-4668-BE54-9A1E7A4F7556}") = "Test_NET5+", "Tests\Test_NET5+.csproj", "{3537CBAE-B36A-4381-88B6-4F802269AC6F}"
EndProject
Project("{2150E333-8FDC-42A3-9474-1A3956D46DE8}") = "Samples", "Samples", "{8FBD0F3F-4F34-49C1-A659-DB6423722831}"
EndProject
Project("{9A19103F-16F7-4668-BE54-9A1E7A4F7556}") = "LogCollectorSample", "Samples\LogCollectorSample\LogCollectorSample.csproj", "{E2556F5E-514A-4411-9484-28672F5D6066}"
EndProject
Global
	GlobalSection(SolutionConfigurationPlatforms) = preSolution
		Debug|Any CPU = Debug|Any CPU
		Release|Any CPU = Release|Any CPU
	EndGlobalSection
	GlobalSection(ProjectConfigurationPlatforms) = postSolution
		{BE200FC7-E8DD-4DED-B947-F1B6807334CB}.Debug|Any CPU.ActiveCfg = Debug|Any CPU
		{BE200FC7-E8DD-4DED-B947-F1B6807334CB}.Debug|Any CPU.Build.0 = Debug|Any CPU
		{BE200FC7-E8DD-4DED-B947-F1B6807334CB}.Release|Any CPU.ActiveCfg = Release|Any CPU
		{BE200FC7-E8DD-4DED-B947-F1B6807334CB}.Release|Any CPU.Build.0 = Release|Any CPU
		{D6D00F25-DFB7-461F-B2B9-69C2B7AAAB26}.Debug|Any CPU.ActiveCfg = Debug|Any CPU
		{D6D00F25-DFB7-461F-B2B9-69C2B7AAAB26}.Debug|Any CPU.Build.0 = Debug|Any CPU
		{D6D00F25-DFB7-461F-B2B9-69C2B7AAAB26}.Release|Any CPU.ActiveCfg = Release|Any CPU
		{D6D00F25-DFB7-461F-B2B9-69C2B7AAAB26}.Release|Any CPU.Build.0 = Release|Any CPU
		{BB54C1AA-89D8-4C4B-BC5C-F7CD44DA324A}.Debug|Any CPU.ActiveCfg = Debug|Any CPU
		{BB54C1AA-89D8-4C4B-BC5C-F7CD44DA324A}.Debug|Any CPU.Build.0 = Debug|Any CPU
		{BB54C1AA-89D8-4C4B-BC5C-F7CD44DA324A}.Release|Any CPU.ActiveCfg = Release|Any CPU
		{BB54C1AA-89D8-4C4B-BC5C-F7CD44DA324A}.Release|Any CPU.Build.0 = Release|Any CPU
		{3537CBAE-B36A-4381-88B6-4F802269AC6F}.Debug|Any CPU.ActiveCfg = Debug|Any CPU
		{3537CBAE-B36A-4381-88B6-4F802269AC6F}.Debug|Any CPU.Build.0 = Debug|Any CPU
		{3537CBAE-B36A-4381-88B6-4F802269AC6F}.Release|Any CPU.ActiveCfg = Release|Any CPU
		{3537CBAE-B36A-4381-88B6-4F802269AC6F}.Release|Any CPU.Build.0 = Release|Any CPU
		{E2556F5E-514A-4411-9484-28672F5D6066}.Debug|Any CPU.ActiveCfg = Debug|Any CPU
		{E2556F5E-514A-4411-9484-28672F5D6066}.Debug|Any CPU.Build.0 = Debug|Any CPU
		{E2556F5E-514A-4411-9484-28672F5D6066}.Release|Any CPU.ActiveCfg = Release|Any CPU
		{E2556F5E-514A-4411-9484-28672F5D6066}.Release|Any CPU.Build.0 = Release|Any CPU
	EndGlobalSection
	GlobalSection(SolutionProperties) = preSolution
		HideSolutionNode = FALSE
	EndGlobalSection
	GlobalSection(NestedProjects) = preSolution
		{D6D00F25-DFB7-461F-B2B9-69C2B7AAAB26} = {29A6F9DB-847E-4A26-9D8F-CE61229D58EE}
		{BB54C1AA-89D8-4C4B-BC5C-F7CD44DA324A} = {29A6F9DB-847E-4A26-9D8F-CE61229D58EE}
		{3537CBAE-B36A-4381-88B6-4F802269AC6F} = {29A6F9DB-847E-4A26-9D8F-CE61229D58EE}
		{E2556F5E-514A-4411-9484-28672F5D6066} = {8FBD0F3F-4F34-49C1-A659-DB6423722831}
	EndGlobalSection
	GlobalSection(ExtensibilityGlobals) = postSolution
		SolutionGuid = {CB1E0BB3-3974-4FB8-B182-EBB8034A45D5}
	EndGlobalSection
EndGlobal
