
Microsoft Visual Studio Solution File, Format Version 12.00
# Visual Studio Version 17
VisualStudioVersion = 17.5.33516.290
MinimumVisualStudioVersion = 10.0.40219.1
Project("{9A19103F-16F7-4668-BE54-9A1E7A4F7556}") = "Cave.Logging", "Cave.Logging\Cave.Logging.csproj", "{BE200FC7-E8DD-4DED-B947-F1B6807334CB}"
EndProject
Project("{2150E333-8FDC-42A3-9474-1A3956D46DE8}") = "Solution Items", "Solution Items", "{05AE0C2A-F430-45EC-966D-E49E76CD5040}"
	ProjectSection(SolutionItems) = preProject
		.editorconfig = .editorconfig
		.gitignore = .gitignore
		azure-pipelines.yml = azure-pipelines.yml
		build.bat = build.bat
		cavesystems.pdn = cavesystems.pdn
		cavesystems.png = cavesystems.png
		CodeMaid.config = CodeMaid.config
		Directory.Build.props = Directory.Build.props
		Directory.Build.targets = Directory.Build.targets
		LICENSE = LICENSE
		README.md = README.md
	EndProjectSection
EndProject
Project("{2150E333-8FDC-42A3-9474-1A3956D46DE8}") = "Tests", "Tests", "{29A6F9DB-847E-4A26-9D8F-CE61229D58EE}"
EndProject
Project("{2150E333-8FDC-42A3-9474-1A3956D46DE8}") = "Samples", "Samples", "{8FBD0F3F-4F34-49C1-A659-DB6423722831}"
EndProject
Project("{9A19103F-16F7-4668-BE54-9A1E7A4F7556}") = "LogCollectorSample", "Samples\LogCollectorSample\LogCollectorSample.csproj", "{E2556F5E-514A-4411-9484-28672F5D6066}"
EndProject
Project("{9A19103F-16F7-4668-BE54-9A1E7A4F7556}") = "net_2.0-3.5", "Tests\net_2.0-3.5.csproj", "{624993E6-B6FF-430E-A90D-4EDECE742926}"
EndProject
Project("{9A19103F-16F7-4668-BE54-9A1E7A4F7556}") = "net_4.x", "Tests\net_4.x.csproj", "{007F9428-C129-47CA-8CF6-8A0D59A7145A}"
EndProject
Project("{9A19103F-16F7-4668-BE54-9A1E7A4F7556}") = "net_5+", "Tests\net_5+.csproj", "{56E030F0-D8C5-4801-A853-9E386939120D}"
EndProject
Project("{9A19103F-16F7-4668-BE54-9A1E7A4F7556}") = "netcore_3.1", "Tests\netcore_3.1.csproj", "{869308C4-9D48-4E1B-BE5E-F208E1873EB7}"
EndProject
Project("{9A19103F-16F7-4668-BE54-9A1E7A4F7556}") = "netcore_2.0-2.2", "Tests\netcore_2.0-2.2.csproj", "{A1D84C9A-62B7-46CE-9BAC-7DAB7203A36F}"
EndProject
Global
	GlobalSection(SolutionConfigurationPlatforms) = preSolution
		Debug|Any CPU = Debug|Any CPU
		Release|Any CPU = Release|Any CPU
	EndGlobalSection
	GlobalSection(ProjectConfigurationPlatforms) = postSolution
		{BE200FC7-E8DD-4DED-B947-F1B6807334CB}.Debug|Any CPU.ActiveCfg = Debug|Any CPU
		{BE200FC7-E8DD-4DED-B947-F1B6807334CB}.Debug|Any CPU.Build.0 = Debug|Any CPU
		{BE200FC7-E8DD-4DED-B947-F1B6807334CB}.Release|Any CPU.ActiveCfg = Release|Any CPU
		{BE200FC7-E8DD-4DED-B947-F1B6807334CB}.Release|Any CPU.Build.0 = Release|Any CPU
		{E2556F5E-514A-4411-9484-28672F5D6066}.Debug|Any CPU.ActiveCfg = Debug|Any CPU
		{E2556F5E-514A-4411-9484-28672F5D6066}.Debug|Any CPU.Build.0 = Debug|Any CPU
		{E2556F5E-514A-4411-9484-28672F5D6066}.Release|Any CPU.ActiveCfg = Release|Any CPU
		{E2556F5E-514A-4411-9484-28672F5D6066}.Release|Any CPU.Build.0 = Release|Any CPU
		{624993E6-B6FF-430E-A90D-4EDECE742926}.Debug|Any CPU.ActiveCfg = Debug|Any CPU
		{624993E6-B6FF-430E-A90D-4EDECE742926}.Debug|Any CPU.Build.0 = Debug|Any CPU
		{624993E6-B6FF-430E-A90D-4EDECE742926}.Release|Any CPU.ActiveCfg = Release|Any CPU
		{624993E6-B6FF-430E-A90D-4EDECE742926}.Release|Any CPU.Build.0 = Release|Any CPU
		{007F9428-C129-47CA-8CF6-8A0D59A7145A}.Debug|Any CPU.ActiveCfg = Debug|Any CPU
		{007F9428-C129-47CA-8CF6-8A0D59A7145A}.Debug|Any CPU.Build.0 = Debug|Any CPU
		{007F9428-C129-47CA-8CF6-8A0D59A7145A}.Release|Any CPU.ActiveCfg = Release|Any CPU
		{007F9428-C129-47CA-8CF6-8A0D59A7145A}.Release|Any CPU.Build.0 = Release|Any CPU
		{56E030F0-D8C5-4801-A853-9E386939120D}.Debug|Any CPU.ActiveCfg = Debug|Any CPU
		{56E030F0-D8C5-4801-A853-9E386939120D}.Debug|Any CPU.Build.0 = Debug|Any CPU
		{56E030F0-D8C5-4801-A853-9E386939120D}.Release|Any CPU.ActiveCfg = Release|Any CPU
		{56E030F0-D8C5-4801-A853-9E386939120D}.Release|Any CPU.Build.0 = Release|Any CPU
		{869308C4-9D48-4E1B-BE5E-F208E1873EB7}.Debug|Any CPU.ActiveCfg = Debug|Any CPU
		{869308C4-9D48-4E1B-BE5E-F208E1873EB7}.Debug|Any CPU.Build.0 = Debug|Any CPU
		{869308C4-9D48-4E1B-BE5E-F208E1873EB7}.Release|Any CPU.ActiveCfg = Release|Any CPU
		{869308C4-9D48-4E1B-BE5E-F208E1873EB7}.Release|Any CPU.Build.0 = Release|Any CPU
		{A1D84C9A-62B7-46CE-9BAC-7DAB7203A36F}.Debug|Any CPU.ActiveCfg = Debug|Any CPU
		{A1D84C9A-62B7-46CE-9BAC-7DAB7203A36F}.Debug|Any CPU.Build.0 = Debug|Any CPU
		{A1D84C9A-62B7-46CE-9BAC-7DAB7203A36F}.Release|Any CPU.ActiveCfg = Release|Any CPU
		{A1D84C9A-62B7-46CE-9BAC-7DAB7203A36F}.Release|Any CPU.Build.0 = Release|Any CPU
	EndGlobalSection
	GlobalSection(SolutionProperties) = preSolution
		HideSolutionNode = FALSE
	EndGlobalSection
	GlobalSection(NestedProjects) = preSolution
		{E2556F5E-514A-4411-9484-28672F5D6066} = {8FBD0F3F-4F34-49C1-A659-DB6423722831}
		{624993E6-B6FF-430E-A90D-4EDECE742926} = {29A6F9DB-847E-4A26-9D8F-CE61229D58EE}
		{007F9428-C129-47CA-8CF6-8A0D59A7145A} = {29A6F9DB-847E-4A26-9D8F-CE61229D58EE}
		{56E030F0-D8C5-4801-A853-9E386939120D} = {29A6F9DB-847E-4A26-9D8F-CE61229D58EE}
		{869308C4-9D48-4E1B-BE5E-F208E1873EB7} = {29A6F9DB-847E-4A26-9D8F-CE61229D58EE}
		{A1D84C9A-62B7-46CE-9BAC-7DAB7203A36F} = {29A6F9DB-847E-4A26-9D8F-CE61229D58EE}
	EndGlobalSection
	GlobalSection(ExtensibilityGlobals) = postSolution
		SolutionGuid = {CB1E0BB3-3974-4FB8-B182-EBB8034A45D5}
	EndGlobalSection
EndGlobal
